{
  "version": "4",
  "specifiers": {
    "jsr:@deno/gfm@0.9": "0.9.0",
    "jsr:@denosaurs/emoji@0.3": "0.3.1",
    "jsr:@oak/commons@1": "1.0.0",
    "jsr:@std/assert@1": "1.0.7",
    "jsr:@std/bytes@1": "1.0.3",
    "jsr:@std/bytes@^1.0.2": "1.0.3",
    "jsr:@std/crypto@1": "1.0.3",
    "jsr:@std/encoding@1": "1.0.5",
    "jsr:@std/encoding@^1.0.5": "1.0.5",
    "jsr:@std/http@1": "1.0.9",
    "jsr:@std/io@0.224": "0.224.9",
    "jsr:@std/media-types@1": "1.0.3",
    "jsr:@std/path@1": "1.0.8",
    "npm:csv-parse@*": "5.6.0",
    "npm:github-slugger@2": "2.0.0",
    "npm:he@^1.2.0": "1.2.0",
    "npm:katex@0.16": "0.16.21",
    "npm:marked-alert@2": "2.1.2_marked@12.0.2",
    "npm:marked-footnote@^1.2.0": "1.2.4_marked@12.0.2",
    "npm:marked-gfm-heading-id@^3.1.0": "3.2.0_marked@12.0.2",
    "npm:marked@12": "12.0.2",
    "npm:path-to-regexp@6.2.1": "6.2.1",
    "npm:prismjs@^1.29.0": "1.29.0",
    "npm:sanitize-html@^2.11.0": "2.14.0"
  },
  "jsr": {
    "@deno/gfm@0.9.0": {
      "integrity": "9002dbdb6e382e247509edfeae3afdb9232f5ca98a8210ef186d42084e9ded30",
      "dependencies": [
        "jsr:@denosaurs/emoji",
        "npm:github-slugger",
        "npm:he",
        "npm:katex",
        "npm:marked",
        "npm:marked-alert",
        "npm:marked-footnote",
        "npm:marked-gfm-heading-id",
        "npm:prismjs",
        "npm:sanitize-html"
      ]
    },
    "@denosaurs/emoji@0.3.1": {
      "integrity": "b0aed5f55dec99e83da7c9637fe0a36d1d6252b7c99deaaa3fc5dea3fcf3da8b"
    },
    "@oak/commons@1.0.0": {
      "integrity": "49805b55603c3627a9d6235c0655aa2b6222d3036b3a13ff0380c16368f607ac",
      "dependencies": [
        "jsr:@std/assert",
        "jsr:@std/bytes@1",
        "jsr:@std/crypto",
        "jsr:@std/encoding@1",
        "jsr:@std/http",
        "jsr:@std/media-types"
      ]
    },
    "@std/assert@1.0.7": {
      "integrity": "64ce9fac879e0b9f3042a89b3c3f8ccfc9c984391af19e2087513a79d73e28c3"
    },
    "@std/bytes@1.0.3": {
      "integrity": "e5d5b9e685966314e4edb4be60dfc4bd7624a075bfd4ec8109252b4320f76452"
    },
    "@std/crypto@1.0.3": {
      "integrity": "a2a32f51ddef632d299e3879cd027c630dcd4d1d9a5285d6e6788072f4e51e7f"
    },
    "@std/encoding@1.0.5": {
      "integrity": "ecf363d4fc25bd85bd915ff6733a7e79b67e0e7806334af15f4645c569fefc04"
    },
    "@std/http@1.0.9": {
      "integrity": "d409fc319a5e8d4a154e576c758752e9700282d74f31357a12fec6420f9ecb6c",
      "dependencies": [
        "jsr:@std/encoding@^1.0.5"
      ]
    },
    "@std/io@0.224.9": {
      "integrity": "4414664b6926f665102e73c969cfda06d2c4c59bd5d0c603fd4f1b1c840d6ee3",
      "dependencies": [
        "jsr:@std/bytes@^1.0.2"
      ]
    },
    "@std/media-types@1.0.3": {
      "integrity": "b12d30a7852f7578f4d210622df713bbfd1cbdd9b4ec2eaf5c1845ab70bab159"
    },
    "@std/path@1.0.8": {
      "integrity": "548fa456bb6a04d3c1a1e7477986b6cffbce95102d0bb447c67c4ee70e0364be"
    }
  },
  "npm": {
    "commander@8.3.0": {
      "integrity": "sha512-OkTL9umf+He2DZkUq8f8J9of7yL6RJKI24dVITBmNfZBmri9zYZQrKkuXiKhyfPSu8tUhnVBB1iKXevvnlR4Ww=="
    },
    "csv-parse@5.6.0": {
      "integrity": "sha512-l3nz3euub2QMg5ouu5U09Ew9Wf6/wQ8I++ch1loQ0ljmzhmfZYrH9fflS22i/PQEvsPvxCwxgz5q7UB8K1JO4Q=="
    },
    "deepmerge@4.3.1": {
      "integrity": "sha512-3sUqbMEc77XqpdNO7FRyRog+eW3ph+GYCbj+rK+uYyRMuwsVy0rMiVtPn+QJlKFvWP/1PYpapqYn0Me2knFn+A=="
    },
    "dom-serializer@2.0.0": {
      "integrity": "sha512-wIkAryiqt/nV5EQKqQpo3SToSOV9J0DnbJqwK7Wv/Trc92zIAYZ4FlMu+JPFW1DfGFt81ZTCGgDEabffXeLyJg==",
      "dependencies": [
        "domelementtype",
        "domhandler",
        "entities"
      ]
    },
    "domelementtype@2.3.0": {
      "integrity": "sha512-OLETBj6w0OsagBwdXnPdN0cnMfF9opN69co+7ZrbfPGrdpPVNBUj02spi6B1N7wChLQiPn4CSH/zJvXw56gmHw=="
    },
    "domhandler@5.0.3": {
      "integrity": "sha512-cgwlv/1iFQiFnU96XXgROh8xTeetsnJiDsTc7TYCLFd9+/WNkIqPTxiM/8pSd8VIrhXGTf1Ny1q1hquVqDJB5w==",
      "dependencies": [
        "domelementtype"
      ]
    },
    "domutils@3.2.2": {
      "integrity": "sha512-6kZKyUajlDuqlHKVX1w7gyslj9MPIXzIFiz/rGu35uC1wMi+kMhQwGhl4lt9unC9Vb9INnY9Z3/ZA3+FhASLaw==",
      "dependencies": [
        "dom-serializer",
        "domelementtype",
        "domhandler"
      ]
    },
    "entities@4.5.0": {
      "integrity": "sha512-V0hjH4dGPh9Ao5p0MoRY6BVqtwCjhz6vI5LT8AJ55H+4g9/4vbHx1I54fS0XuclLhDHArPQCiMjDxjaL8fPxhw=="
    },
    "escape-string-regexp@4.0.0": {
      "integrity": "sha512-TtpcNJ3XAzx3Gq8sWRzJaVajRs0uVxA2YAkdb1jm2YkPz4G6egUFAyA3n5vtEIZefPk5Wa4UXbKuS5fKkJWdgA=="
    },
    "github-slugger@2.0.0": {
      "integrity": "sha512-IaOQ9puYtjrkq7Y0Ygl9KDZnrf/aiUJYUpVf89y8kyaxbRG7Y1SrX/jaumrv81vc61+kiMempujsM3Yw7w5qcw=="
    },
    "he@1.2.0": {
      "integrity": "sha512-F/1DnUGPopORZi0ni+CvrCgHQ5FyEAHRLSApuYWMmrbSwoN2Mn/7k+Gl38gJnR7yyDZk6WLXwiGod1JOWNDKGw=="
    },
    "htmlparser2@8.0.2": {
      "integrity": "sha512-GYdjWKDkbRLkZ5geuHs5NY1puJ+PXwP7+fHPRz06Eirsb9ugf6d8kkXav6ADhcODhFFPMIXyxkxSuMf3D6NCFA==",
      "dependencies": [
        "domelementtype",
        "domhandler",
        "domutils",
        "entities"
      ]
    },
    "is-plain-object@5.0.0": {
      "integrity": "sha512-VRSzKkbMm5jMDoKLbltAkFQ5Qr7VDiTFGXxYFXXowVj387GeGNOCsOH6Msy00SGZ3Fp84b1Naa1psqgcCIEP5Q=="
    },
    "katex@0.16.21": {
      "integrity": "sha512-XvqR7FgOHtWupfMiigNzmh+MgUVmDGU2kXZm899ZkPfcuoPuFxyHmXsgATDpFZDAXCI8tvinaVcDo8PIIJSo4A==",
      "dependencies": [
        "commander"
      ]
    },
    "marked-alert@2.1.2_marked@12.0.2": {
      "integrity": "sha512-EFNRZ08d8L/iEIPLTlQMDjvwIsj03gxWCczYTht6DCiHJIZhMk4NK5gtPY9UqAYb09eV5VGT+jD4lp396E0I+w==",
      "dependencies": [
        "marked"
      ]
    },
    "marked-footnote@1.2.4_marked@12.0.2": {
      "integrity": "sha512-DB2Kl+wFh6YwZd70qABMY6WUkG1UuyqoNTFoDfGyG79Pz24neYtLBkB+45a7o72V7gkfvbC3CGzIYFobxfMT1Q==",
      "dependencies": [
        "marked"
      ]
    },
    "marked-gfm-heading-id@3.2.0_marked@12.0.2": {
      "integrity": "sha512-Xfxpr5lXLDLY10XqzSCA9l2dDaiabQUgtYM9hw8yunyVsB/xYBRpiic6BOiY/EAJw1ik1eWr1ET1HKOAPZBhXg==",
      "dependencies": [
        "github-slugger",
        "marked"
      ]
    },
    "marked@12.0.2": {
      "integrity": "sha512-qXUm7e/YKFoqFPYPa3Ukg9xlI5cyAtGmyEIzMfW//m6kXwCy2Ps9DYf5ioijFKQ8qyuscrHoY04iJGctu2Kg0Q=="
    },
    "nanoid@3.3.8": {
      "integrity": "sha512-WNLf5Sd8oZxOm+TzppcYk8gVOgP+l58xNy58D0nbUnOxOWRWvlcCV4kUF7ltmI6PsrLl/BgKEyS4mqsGChFN0w=="
    },
    "parse-srcset@1.0.2": {
      "integrity": "sha512-/2qh0lav6CmI15FzA3i/2Bzk2zCgQhGMkvhOhKNcBVQ1ldgpbfiNTVslmooUmWJcADi1f1kIeynbDRVzNlfR6Q=="
    },
    "path-to-regexp@6.2.1": {
      "integrity": "sha512-JLyh7xT1kizaEvcaXOQwOc2/Yhw6KZOvPf1S8401UyLk86CU79LN3vl7ztXGm/pZ+YjoyAJ4rxmHwbkBXJX+yw=="
    },
    "picocolors@1.1.1": {
      "integrity": "sha512-xceH2snhtb5M9liqDsmEw56le376mTZkEX/jEb/RxNFyegNul7eNslCXP9FDj/Lcu0X8KEyMceP2ntpaHrDEVA=="
    },
    "postcss@8.5.2": {
      "integrity": "sha512-MjOadfU3Ys9KYoX0AdkBlFEF1Vx37uCCeN4ZHnmwm9FfpbsGWMZeBLMmmpY+6Ocqod7mkdZ0DT31OlbsFrLlkA==",
      "dependencies": [
        "nanoid",
        "picocolors",
        "source-map-js"
      ]
    },
    "prismjs@1.29.0": {
      "integrity": "sha512-Kx/1w86q/epKcmte75LNrEoT+lX8pBpavuAbvJWRXar7Hz8jrtF+e3vY751p0R8H9HdArwaCTNDDzHg/ScJK1Q=="
    },
    "sanitize-html@2.14.0": {
      "integrity": "sha512-CafX+IUPxZshXqqRaG9ZClSlfPVjSxI0td7n07hk8QO2oO+9JDnlcL8iM8TWeOXOIBFgIOx6zioTzM53AOMn3g==",
      "dependencies": [
        "deepmerge",
        "escape-string-regexp",
        "htmlparser2",
        "is-plain-object",
        "parse-srcset",
        "postcss"
      ]
    },
    "source-map-js@1.2.1": {
      "integrity": "sha512-UXWMKhLOwVKb728IUtQPXxfYU+usdybtUrK/8uGE8CQMvrhOpwvzDBwj0QhSL7MQc7vIsISBG8VQ8+IDQxpfQA=="
    }
  },
  "redirects": {
    "https://deno.land/x/cors/mod.ts": "https://deno.land/x/cors@v1.2.2/mod.ts",
    "https://deno.land/x/oak/mod.ts": "https://deno.land/x/oak@v17.1.3/mod.ts",
    "https://esm.sh/@tronweb3/google-protobuf@^3.21.2/google/protobuf/any_pb?target=denonext": "https://esm.sh/@tronweb3/google-protobuf@3.21.4/google/protobuf/any_pb?target=denonext",
    "https://esm.sh/@tronweb3/google-protobuf@^3.21.2?target=denonext": "https://esm.sh/@tronweb3/google-protobuf@3.21.4?target=denonext",
    "https://esm.sh/@types/combined-stream@~1.0.6/index.d.ts": "https://esm.sh/@types/combined-stream@1.0.6/index.d.ts",
    "https://esm.sh/@types/debug@~4.1.12/index.d.ts": "https://esm.sh/@types/debug@4.1.12/index.d.ts",
    "https://esm.sh/@types/follow-redirects@~1.14.4/index.d.ts": "https://esm.sh/@types/follow-redirects@1.14.4/index.d.ts",
    "https://esm.sh/@types/mime-types@~2.1.4/index.d.ts": "https://esm.sh/@types/mime-types@2.1.4/index.d.ts",
    "https://esm.sh/@types/proxy-from-env@~1.0.4/index.d.ts": "https://esm.sh/@types/proxy-from-env@1.0.4/index.d.ts",
    "https://esm.sh/@types/semver@~5.5.0/index.d.ts": "https://esm.sh/@types/semver@5.5.0/index.d.ts",
    "https://esm.sh/@types/validator@~13.12.2/index.d.ts": "https://esm.sh/@types/validator@13.12.3/index.d.ts",
    "https://esm.sh/asynckit@^0.4.0?target=denonext": "https://esm.sh/asynckit@0.4.0?target=denonext",
    "https://esm.sh/axios@^1.7.4?target=denonext": "https://esm.sh/axios@1.8.3?target=denonext",
    "https://esm.sh/bignumber.js@^9.0.1?target=denonext": "https://esm.sh/bignumber.js@9.1.2?target=denonext",
    "https://esm.sh/bufferutil@^4.0.1?target=denonext": "https://esm.sh/bufferutil@4.0.9?target=denonext",
    "https://esm.sh/combined-stream@^1.0.8?target=denonext": "https://esm.sh/combined-stream@1.0.8?target=denonext",
    "https://esm.sh/debug?target=denonext": "https://esm.sh/debug@4.4.0?target=denonext",
    "https://esm.sh/delayed-stream@~1.0.0?target=denonext": "https://esm.sh/delayed-stream@1.0.0?target=denonext",
    "https://esm.sh/ethereum-cryptography@^2.1.3/secp256k1?target=denonext": "https://esm.sh/ethereum-cryptography@2.2.1/secp256k1?target=denonext",
    "https://esm.sh/ethers@^6.13.1?target=denonext": "https://esm.sh/ethers@6.13.6?target=denonext",
    "https://esm.sh/eventemitter3@^3.1.0?target=denonext": "https://esm.sh/eventemitter3@3.1.2?target=denonext",
    "https://esm.sh/follow-redirects@^1.15.6?target=denonext": "https://esm.sh/follow-redirects@1.15.9?target=denonext",
    "https://esm.sh/form-data@^4.0.0?target=denonext": "https://esm.sh/form-data@4.0.2?target=denonext",
    "https://esm.sh/mime-types@^2.1.12?target=denonext": "https://esm.sh/mime-types@2.1.35?target=denonext",
    "https://esm.sh/ms@^2.1.3?target=denonext": "https://esm.sh/ms@2.1.3?target=denonext",
    "https://esm.sh/node-gyp-build@^4.3.0?target=denonext": "https://esm.sh/node-gyp-build@4.8.4?target=denonext",
    "https://esm.sh/proxy-from-env@^1.1.0?target=denonext": "https://esm.sh/proxy-from-env@1.1.0?target=denonext",
    "https://esm.sh/semver@^5.6.0?target=denonext": "https://esm.sh/semver@5.7.2?target=denonext",
    "https://esm.sh/supports-color?target=denonext": "https://esm.sh/supports-color@10.0.0?target=denonext",
    "https://esm.sh/utf-8-validate@%3E=5.0.2?target=denonext": "https://esm.sh/utf-8-validate@6.0.5?target=denonext",
    "https://esm.sh/validator@^13.7.0?target=denonext": "https://esm.sh/validator@13.12.0?target=denonext"
  },
  "remote": {
    "https://cdn.skypack.dev/-/@ethersproject/abi@v5.6.3-wilGMLRdbUV2UKPyrB8q/dist=es2019,mode=imports/optimized/@ethersproject/abi.js": "2fb2509cdf420f0969e800902b1a2b9e72428861a57c42f52ba750d6d3e08295",
    "https://cdn.skypack.dev/-/@ethersproject/abstract-provider@v5.6.1-bSkWGTTHBHJgWZaNrdUa/dist=es2019,mode=imports/optimized/@ethersproject/abstract-provider.js": "477d7964097ceb265e51a93ac6529bf5211fae92ac7c41af21c07549ad680d6b",
    "https://cdn.skypack.dev/-/@ethersproject/abstract-signer@v5.6.2-OCiifDF2sIT7J4kptVsS/dist=es2019,mode=imports/optimized/@ethersproject/abstract-signer.js": "bf6bf5324b2a6a51d964dabbf60215950846d81839e545494502f0c379dd9f1a",
    "https://cdn.skypack.dev/-/@ethersproject/address@v5.6.1-U0WzxXtFESBeVpOJoLmI/dist=es2019,mode=imports/optimized/@ethersproject/address.js": "0549716bbb405b78da8ac149132a7876aac3e0004647268021606545df5c847b",
    "https://cdn.skypack.dev/-/@ethersproject/base64@v5.6.1-tXUK2a5eF0mgkqYYl0xI/dist=es2019,mode=imports/optimized/@ethersproject/base64.js": "e157a4f047e7ca9bd3e016f7c94fcbac50a18d4f8f4db0af9002147ec714b93d",
    "https://cdn.skypack.dev/-/@ethersproject/basex@v5.6.1-q4g98lIZwU2jUNQkMw0f/dist=es2019,mode=imports/optimized/@ethersproject/basex.js": "51637482754f35115e61196528f8b2097ff2d7a007f0d92f39ec8deda61e8d0f",
    "https://cdn.skypack.dev/-/@ethersproject/bignumber@v5.6.2-0Xh896zEnBEEQJnoTCKw/dist=es2019,mode=imports/optimized/@ethersproject/bignumber.js": "7a3f828c039e91f4263318c867fa9ac33ab6087950876bad200523794e9f2cdb",
    "https://cdn.skypack.dev/-/@ethersproject/bytes@v5.6.1-hOtaq2ZQ9ZNdDstIW5zz/dist=es2019,mode=imports/optimized/@ethersproject/bytes.js": "6fa7cba8b8027b861906b6064e6119ff8600151f46089857c4def2bce854ff9a",
    "https://cdn.skypack.dev/-/@ethersproject/constants@v5.6.1-L0ZOiSh22gqorZO8SBCM/dist=es2019,mode=imports/optimized/@ethersproject/constants.js": "9720d3e7039d22861b03d5847aa1b1caed25cc34cce7a33bad5b07b9cc6629a4",
    "https://cdn.skypack.dev/-/@ethersproject/contracts@v5.6.2-Q6dLd74mV0gjbeGyxMhN/dist=es2019,mode=imports/optimized/@ethersproject/contracts.js": "00bf48475a72fe94f26b1b53566b9eae1cca8a011918fdfce51aee7bcbd77109",
    "https://cdn.skypack.dev/-/@ethersproject/hash@v5.6.1-jZviPsVuNh9O5bgruJ3R/dist=es2019,mode=imports/optimized/@ethersproject/hash.js": "1380f6f1e3379105c7ec807b8f0ef033f364c3cb5d7e5b54975dd140aa9ca171",
    "https://cdn.skypack.dev/-/@ethersproject/hdnode@v5.6.2-o8UbD7X9alY330l9M8y5/dist=es2019,mode=imports/optimized/@ethersproject/hdnode.js": "9e9d39ade03d81bc217fe19eb2ec0f104d7d3b8222c43840f9bec69ffd318bb7",
    "https://cdn.skypack.dev/-/@ethersproject/json-wallets@v5.6.1-26QQYIfrAVdTyX4ekRZA/dist=es2019,mode=imports/optimized/@ethersproject/json-wallets.js": "e1ac4ed228641e67f76cd7b8aaaa58597b367c5a61a711a1560bd801b6f5f8f9",
    "https://cdn.skypack.dev/-/@ethersproject/keccak256@v5.6.1-WAYi11hgq0PKH0yPmXC9/dist=es2019,mode=imports/optimized/@ethersproject/keccak256.js": "1ab9429a0d8da71ed1b55eda6e4fd22b06980774fe1b7685e2e7379bb8428c89",
    "https://cdn.skypack.dev/-/@ethersproject/logger@v5.6.0-sV1IhwbKBRUviels0nS9/dist=es2019,mode=imports/optimized/@ethersproject/logger.js": "03ab2f232e9b934dab558f4862f66e56eb22ffac1a3c493da30399f8d4696595",
    "https://cdn.skypack.dev/-/@ethersproject/networks@v5.6.3-RWKmuJYdbFSELJ6Rg8Mw/dist=es2019,mode=imports/optimized/@ethersproject/networks.js": "69639ae21333575f21ad0a3e7e14f781cb71f2477605bb0f5c945a379c37d25c",
    "https://cdn.skypack.dev/-/@ethersproject/pbkdf2@v5.6.1-GGRRTRrYagssmZ0tPrDR/dist=es2019,mode=imports/optimized/@ethersproject/pbkdf2.js": "1ef57f42f0afcf811bafb06db4cf9cfa9ff5aad56246394ddf38794818e3ec16",
    "https://cdn.skypack.dev/-/@ethersproject/properties@v5.6.0-0IDA2QFgG8Yt5ntJRM7z/dist=es2019,mode=imports/optimized/@ethersproject/properties.js": "e365c067bd73975a5696ea69e2b6b91c86d255a5bac82c9a1f599ed23d82fbba",
    "https://cdn.skypack.dev/-/@ethersproject/providers@v5.6.8-W5AETFp1QMf4jeEE2BSH/dist=es2019,mode=imports/optimized/@ethersproject/providers.js": "544a5cbd007847c017217f39685d6c74c2c9e39ca8e7cdf3f13999a16c983934",
    "https://cdn.skypack.dev/-/@ethersproject/random@v5.6.1-k8CesFUa147ccuvLyIO8/dist=es2019,mode=imports/optimized/@ethersproject/random.js": "82027cb916161114381fd40a392ebc071ae1fc43eae511cd426b0aac3c8b4b75",
    "https://cdn.skypack.dev/-/@ethersproject/rlp@v5.6.1-1WBxcJziiUnCuexvl7hW/dist=es2019,mode=imports/optimized/@ethersproject/rlp.js": "13a2760ac9d530b38ba74cd88062ed194071c2695c62948ed86dcb1ceb67a73a",
    "https://cdn.skypack.dev/-/@ethersproject/sha2@v5.6.1-tDb6r9M0IUw6CzxVAj4F/dist=es2019,mode=imports/optimized/@ethersproject/sha2.js": "2ef24413cfce98591ca383e1eca3bd8ac992fb8a9dab1e3fb9de26326b13fa42",
    "https://cdn.skypack.dev/-/@ethersproject/signing-key@v5.6.2-S3GrcvZv92oKMVmjknHI/dist=es2019,mode=imports/optimized/@ethersproject/signing-key.js": "0fb317b5d946499db667eb5005730c5e922fc72bf71f33a0b4e81a109f2e5d0b",
    "https://cdn.skypack.dev/-/@ethersproject/solidity@v5.6.1-fAQ7F3sIRCa7Ee7dv503/dist=es2019,mode=imports/optimized/@ethersproject/solidity.js": "a1f658728a5a86501cae530e3e9509e01da5fd90e17eaa9b935c7d17c41558ca",
    "https://cdn.skypack.dev/-/@ethersproject/strings@v5.6.1-sBesDiEaVdxY6rkwEHk1/dist=es2019,mode=imports/optimized/@ethersproject/strings.js": "15caaf619bc32bb6e357772687ed7232fd2a920085661d5cc825796d1a902231",
    "https://cdn.skypack.dev/-/@ethersproject/transactions@v5.6.2-9o3cl3T9xTpEjFX00vDl/dist=es2019,mode=imports/optimized/@ethersproject/transactions.js": "6de3cebbf727060c4170de66d5b0a4806af10d182000a6e23b58b7bd2a0a8564",
    "https://cdn.skypack.dev/-/@ethersproject/units@v5.6.1-DTma7YL6uxpuc2dqw2Wg/dist=es2019,mode=imports/optimized/@ethersproject/units.js": "1e2eb82d5a7fb845a025b8dc1b710c8beb67a914ebcbb67f9ed114a3ef8d3422",
    "https://cdn.skypack.dev/-/@ethersproject/wallet@v5.6.2-hbht5UfbVmWkq5PkNraB/dist=es2019,mode=imports/optimized/@ethersproject/wallet.js": "f874828e2f86379bccf05deb2219e96185f8bada27416f66a0e108362ac3e786",
    "https://cdn.skypack.dev/-/@ethersproject/web@v5.6.1-OVidcrJpszkd7P9STPaQ/dist=es2019,mode=imports/optimized/@ethersproject/web.js": "cb4a4027726e91ecf0f4c185a0659620e9136748fec690a1ab4bd4238c743f0f",
    "https://cdn.skypack.dev/-/@ethersproject/wordlists@v5.6.1-H1jWjkHmHYrdVK5UnafO/dist=es2019,mode=imports/optimized/@ethersproject/wordlists.js": "d3ab109703f7683a55b7e8b4586d34054750543bcba44a19bb61bb6641da8d3c",
    "https://cdn.skypack.dev/-/aes-js@v3.0.0-CwpFycLiPx6LKd7rO2KH/dist=es2019,mode=imports/optimized/aes-js.js": "416abe2daf0fd8138a6f3b8009ae4341982ea2edfe3085c8ab59ea9e0f910484",
    "https://cdn.skypack.dev/-/bech32@v1.1.4-rteIMGXlAaeNKpjxmjm8/dist=es2019,mode=imports/optimized/bech32.js": "7a3a146d31253c9ed064a51d9f70270c94b50ac3975c7fa6aca88ed5aac519c7",
    "https://cdn.skypack.dev/-/bn.js@v5.2.1-eEbVMmDiTD9y2Qvu4Z50/dist=es2019,mode=imports/optimized/bnjs.js": "5f901ebd734b7d6b68d4fa8c63e77d010fee04f998f17ef12b6c6a5e2d716843",
    "https://cdn.skypack.dev/-/ethers@v5.6.8-bKxckRcNaAAD5PfOInnD/dist=es2019,mode=imports/optimized/ethers.js": "05214becffc1fc042ddbb8dc1266501041012f92e801b30cd74d345e1583e5df",
    "https://cdn.skypack.dev/-/hash.js@v1.1.7-VoMLPpb2ceIc1uUFq329/dist=es2019,mode=imports/optimized/hashjs.js": "e5f22cc87ee052685f0b076ec1456d05ffea3bf79f9d5efdfb46fe93b4b58d9d",
    "https://cdn.skypack.dev/-/inherits@v2.0.4-KMaJYACWZTuZGLpDmPB5/dist=es2019,mode=imports/optimized/inherits.js": "7dcafb2d3af9496f5ac53efdcfdb0badd089b592c117476dd5989065f4c33a49",
    "https://cdn.skypack.dev/-/js-sha3@v0.8.0-ud9GGuNSDwGmNyhgrkZs/dist=es2019,mode=imports/optimized/js-sha3.js": "e2ce607ac76f499b82a4579f192011dca285f15707b1b76619a4de7920a7f3d3",
    "https://cdn.skypack.dev/-/minimalistic-assert@v1.0.1-ChM2zHLByx49tkaQrKST/dist=es2019,mode=imports/optimized/minimalistic-assert.js": "423d6bb8e007c2313d0c7c500b18c370c6085a27b5b922c63bdb2cb6558f97c5",
    "https://cdn.skypack.dev/-/scrypt-js@v3.0.1-i7o5WRRoCSQdh1RlLmux/dist=es2019,mode=imports/optimized/scrypt-js.js": "54d259c1b23814442a252fa58eda7c35ef025ba3033b82be3e234471604c17a1",
    "https://cdn.skypack.dev/ethers@5.6.8": "eaa3f726080c54b0e1759b1a9deabdf504b8a6456204cc83636b1e54047db120",
    "https://deno.land/std@0.150.0/media_types/_util.ts": "ce9b4fc4ba1c447dafab619055e20fd88236ca6bdd7834a21f98bd193c3fbfa1",
    "https://deno.land/std@0.150.0/media_types/mod.ts": "2d4b6f32a087029272dc59e0a55ae3cc4d1b27b794ccf528e94b1925795b3118",
    "https://deno.land/std@0.150.0/media_types/vendor/mime-db.v1.52.0.ts": "724cee25fa40f1a52d3937d6b4fbbfdd7791ff55e1b7ac08d9319d5632c7f5af",
    "https://deno.land/x/cors@v1.2.2/abcCors.ts": "cdf83a7eaa69a1bf3ab910d18b9422217902fac47601adcaf0afac5a61845d48",
    "https://deno.land/x/cors@v1.2.2/attainCors.ts": "7d6aba0f942495cc31119604e0895c9bb8edd8f8baa7fe78e6c655bd0b4cbf59",
    "https://deno.land/x/cors@v1.2.2/cors.ts": "0e2d9167e3685f9bcf48f565e312b6e1883fa458f7337e5ce7bc2e3b29767980",
    "https://deno.land/x/cors@v1.2.2/mithCors.ts": "3a359d6e716e0410ede278ab54d875b293a2d66d838aaa7cfbf9ddc1e9e990d3",
    "https://deno.land/x/cors@v1.2.2/mod.ts": "2b351913f56d77ad80cb3b8633d4539c9eeddb426dae79437ada0e6a9cb4f1a6",
    "https://deno.land/x/cors@v1.2.2/oakCors.ts": "1348dc7673c61b85d2e80559a7b44f8e0246eaa6bcc6ec744fafe5d9b13b5c71",
    "https://deno.land/x/cors@v1.2.2/opineCors.ts": "fb5790115c26b7061d84b8d6c17d258a1e241bcab75b0bc3ca1fdb2e57bc5072",
    "https://deno.land/x/cors@v1.2.2/types.ts": "97546633ccc7f0df7a29bacba5d91dc6f61decdd1b65258300244dba905d34b8",
    "https://deno.land/x/oak@v17.1.3/application.ts": "2bcc73b3f22a193554c9958f7080ea635db25594d25ff7944021fca5bf74adba",
    "https://deno.land/x/oak@v17.1.3/body.ts": "0eb7ab9df44d1b79933463d596b5e1a4f0991c94cff591861e58a413bda3f3db",
    "https://deno.land/x/oak@v17.1.3/context.ts": "345cfdaa5a2310558ee0863f2fba5f9ba648188412b16ce342c33266c085f5d3",
    "https://deno.land/x/oak@v17.1.3/deps.ts": "b778c76e91d6d2afe6124981212b6dc3d0b195739ea01857a45396dc78812b59",
    "https://deno.land/x/oak@v17.1.3/http_server_bun.ts": "cb3a66c735cd0533c4c3776b37ae627ab42344c82f91dff63e3030d9656fd3a0",
    "https://deno.land/x/oak@v17.1.3/http_server_native.ts": "3bea00ebb9638203d2449fbf9a14a6b87f119bd45012f13282ececdf7b4c4242",
    "https://deno.land/x/oak@v17.1.3/http_server_native_request.ts": "a4da6f4939736e6323720db2d4b0d19ff2e83f02e52ab1eea9ae80f2c047fa56",
    "https://deno.land/x/oak@v17.1.3/http_server_node.ts": "9bb5291c15305b297fd634aa4c6b1d5054368f4b7a171d7c7c302c73eb2489ed",
    "https://deno.land/x/oak@v17.1.3/middleware.ts": "4170180fe5009d2581a0bdc995e5953b90ccb5b1c3767f3eae8a4fe238b8bd81",
    "https://deno.land/x/oak@v17.1.3/middleware/etag.ts": "eb3cb3a8862ca1990ce80b7d1c3f142c866b22d34c2f785a0e8b46bc34b91f7d",
    "https://deno.land/x/oak@v17.1.3/middleware/proxy.ts": "104890bd3990fa68618c36141d56aff5f95a51deac57ce8b8b0c7a14a8fd2ea4",
    "https://deno.land/x/oak@v17.1.3/middleware/serve.ts": "efceebd70afb73bcabe0a6a8981f3d8474a2f2f30e85b46761aee49e81bd9d6a",
    "https://deno.land/x/oak@v17.1.3/mod.ts": "38e53e01e609583e843f3e2b2677de9872d23d68939ce0de85b402e7a8db01a7",
    "https://deno.land/x/oak@v17.1.3/node_shims.ts": "4db1569b2b79b73f37c4d947f4aaa50a93e266d48fe67601c8a31af17a28884d",
    "https://deno.land/x/oak@v17.1.3/request.ts": "1e7f2c338cd6889b616bbdc9e2062eac27acbffde05c685adfb1c60ecc80682a",
    "https://deno.land/x/oak@v17.1.3/response.ts": "75724db76f2dd782827f2dcaa00e4e1732709399bad2458c787fed2c95c4f8be",
    "https://deno.land/x/oak@v17.1.3/router.ts": "d625307016e5db92a9ff187d9917093cb441a8c442c0d78d8dbdbd9575816b72",
    "https://deno.land/x/oak@v17.1.3/send.ts": "28132e2ebeb0c8d4ab41624ae8f1a7adf652cfddd91e77911274cbc413499fe8",
    "https://deno.land/x/oak@v17.1.3/testing.ts": "cbefaf9d21452e829999eda9b99b920df7fde3f702528a484a4433ffed20a9cf",
    "https://deno.land/x/oak@v17.1.3/types.ts": "cd4ccd3e182d0cba2117cd27f560267970470ab9c0ff6556cadd73f605193be7",
    "https://deno.land/x/oak@v17.1.3/utils/clone_state.ts": "cf8989ddd56816b36ada253ae0acdbd46cdf3d68dbe674d2b66c46640fab3500",
    "https://deno.land/x/oak@v17.1.3/utils/consts.ts": "137c4f73479f5e98a13153b9305f06f0d85df3cf2aacad2c9f82d4c1f3a2f105",
    "https://deno.land/x/oak@v17.1.3/utils/create_promise_with_resolvers.ts": "de99e9a998162b929a011f8873eaf0895cf4742492b3ce6f6866d39217342523",
    "https://deno.land/x/oak@v17.1.3/utils/decode.ts": "2fd843f1217872318c339006dad266d62cdb99bff84bb6adef8a4b86269f51ce",
    "https://deno.land/x/oak@v17.1.3/utils/decode_component.ts": "d3e2c40ecdd2fdb79761c6e9ae224cf01a4643f7c5f4c1e0b69698d43025261b",
    "https://deno.land/x/oak@v17.1.3/utils/encode_url.ts": "c0ed6b318eb9523adeebba32eb9acd059c0f94d3511b2b9e3b024722d1b3dfb8",
    "https://deno.land/x/oak@v17.1.3/utils/resolve_path.ts": "aa39d54a003b38fee55f340a0cba3f93a7af85b8ddd5fbfb049a98fc0109b36d",
    "https://deno.land/x/oak@v17.1.3/utils/streams.ts": "3da73b94681f8d27a82cc67df3f91090ec0bd6c3e9ab957af588d41ab585d923",
    "https://deno.land/x/oak@v17.1.3/utils/type_guards.ts": "a8dbb5ab7424f0355b121537d2454f927e0ca9949262fb67ac4fbefbd5880313",
    "https://deno.land/x/xhr@0.3.0/mod.ts": "094aacd627fd9635cd942053bf8032b5223b909858fa9dc8ffa583752ff63b20",
    "https://esm.sh/@adraffy/ens-normalize@1.10.1/denonext/ens-normalize.mjs": "4491c8f3d6bf3f3b4f29510fd82915547d16492e7be8265a78da9f8c21bf58a2",
    "https://esm.sh/@noble/curves@1.2.0/denonext/_shortw_utils.mjs": "f727d962e20cbedf734b164816693c8c93675ed6c8c86ec794377277f0b5c0e2",
    "https://esm.sh/@noble/curves@1.2.0/denonext/abstract/curve.mjs": "f050d7fa7ebc91291d66625fc2711513bdadbeaec0920b0f76be0c224fa575d8",
    "https://esm.sh/@noble/curves@1.2.0/denonext/abstract/hash-to-curve.mjs": "238b612981445c9a0d81cec2737bb055209c240204d75925b7f6ff2ef1bc79e9",
    "https://esm.sh/@noble/curves@1.2.0/denonext/abstract/modular.mjs": "8a063ac2d423b5878a4f33d0a6ad1779e844de4fc21ac490aed90446b0101b25",
    "https://esm.sh/@noble/curves@1.2.0/denonext/abstract/utils.mjs": "9da76ddc911df09a5a3ab32e1a713ee1963f93b165034fad38930a5ad0b5bacb",
    "https://esm.sh/@noble/curves@1.2.0/denonext/abstract/weierstrass.mjs": "65363936fb13fd150be08641e2ddbe91e9c30758b9f2bacda1ba1b78b7a7e046",
    "https://esm.sh/@noble/curves@1.2.0/denonext/secp256k1.mjs": "7e18e920d7444dbe15748ef15ce6f304c0cfc797e271907ec5b0a8fa62f85558",
    "https://esm.sh/@noble/curves@1.4.2/denonext/_shortw_utils.mjs": "f9adf2df15fa0bd3ddee499c95c00c1d5789f01449fba00993ec97be0945b551",
    "https://esm.sh/@noble/curves@1.4.2/denonext/abstract/curve.mjs": "7ff07566c98e756be35d24d2080627f7561f0d42c4e741084f7a72371de9e350",
    "https://esm.sh/@noble/curves@1.4.2/denonext/abstract/hash-to-curve.mjs": "01cc41eb35fff46eb360a6a3a614432264df6d3ef21a4b3da539ff799a03a912",
    "https://esm.sh/@noble/curves@1.4.2/denonext/abstract/modular.mjs": "86b748ba076cbd3d60749648c764b24ddbd67be3beadd8072a43eabed264fff9",
    "https://esm.sh/@noble/curves@1.4.2/denonext/abstract/utils.mjs": "e8648da6b0aca70fd3f39be6742414af135dff11e32f1afb8cd58ab599e60c71",
    "https://esm.sh/@noble/curves@1.4.2/denonext/abstract/weierstrass.mjs": "910aeb7c6fa1bfe6ac88e9e230ce7ba2af6a072f428d0fb32c8331c10f0ab92e",
    "https://esm.sh/@noble/curves@1.4.2/denonext/secp256k1.mjs": "2628440f7fcff2e638421eae10926d2ae4fe9c644b99cae8f5172e151ee8bb54",
    "https://esm.sh/@noble/hashes@1.3.2/denonext/_assert.mjs": "61d0ca75a9350e4eb55bc202c0409a03203182b8f15ef849bbe9317a16024365",
    "https://esm.sh/@noble/hashes@1.3.2/denonext/_sha2.mjs": "7c5c39b6681fe7fc36b9263a78c8434604bbc95fd9bb3f011440ee31378828f6",
    "https://esm.sh/@noble/hashes@1.3.2/denonext/crypto.mjs": "ed0ec2ee968c1c93626f7d0f00561c250e01dfdbf05522e03b664dbcca728999",
    "https://esm.sh/@noble/hashes@1.3.2/denonext/esm/_u64.mjs": "92af291e491160f85f2609d021eab002d074bf066348b6bed1951a06efc71521",
    "https://esm.sh/@noble/hashes@1.3.2/denonext/hmac.mjs": "bb072d2361b24f3e3d3185df33134fa43c24e070d9179ca5375ca154e952d6fd",
    "https://esm.sh/@noble/hashes@1.3.2/denonext/pbkdf2.mjs": "ae6aa4d2eeb6ed22d622fffb3028d97a0c501098c105041349723ad8f5e0e474",
    "https://esm.sh/@noble/hashes@1.3.2/denonext/ripemd160.mjs": "e631c2f6d0e264c8ae7439b63de90d9bf5417f725a1e46a23afdd58587c14549",
    "https://esm.sh/@noble/hashes@1.3.2/denonext/scrypt.mjs": "3523bd1c90085f017a56cb9741994fbd80fd50ff07f23f5595a143f4e7be2149",
    "https://esm.sh/@noble/hashes@1.3.2/denonext/sha256.mjs": "47f48d3b789ff9b4cdd4f5c96366f8bc5e741f9bcdfce696f1d80b1ad9a3c4ec",
    "https://esm.sh/@noble/hashes@1.3.2/denonext/sha3.mjs": "597b79192eacfd2af5f21c987116dd519b816c6632b5b9efd7254c7411ca9d2f",
    "https://esm.sh/@noble/hashes@1.3.2/denonext/utils.mjs": "a55118e868b36ccab9ffe70d459c80bf4eb1db04206779b07f3938ab07806bf9",
    "https://esm.sh/@noble/hashes@1.4.0/denonext/_assert.mjs": "7695fe9689e3799e477b2e5bf8408a142bbfdf7d714d13214f5a5c82e84251e3",
    "https://esm.sh/@noble/hashes@1.4.0/denonext/_md.mjs": "1a4204591ee5255fba4e7c20a38156a522d448111cfb7713558c5266ecc5b3f2",
    "https://esm.sh/@noble/hashes@1.4.0/denonext/crypto.mjs": "fe23c9fadbbbdc205707e045b292d697448c1527874a9654850cb414aaa24d97",
    "https://esm.sh/@noble/hashes@1.4.0/denonext/hmac.mjs": "72cf70bbec2979bc3370e4d0808b54592f8477867d0145ed35394cbcbc0eb080",
    "https://esm.sh/@noble/hashes@1.4.0/denonext/sha256.mjs": "ed8ff11f4c722e50d18c13c7d8695a8927ba45e905af6fa2bd98ae3b0dc926a8",
    "https://esm.sh/@noble/hashes@1.4.0/denonext/utils.mjs": "e77ff6103db0b16440296b74be9a7ab12c96b0572b6fe0a60b8ae92f5b6e9c1b",
    "https://esm.sh/@tronweb3/google-protobuf@3.21.4/denonext/google-protobuf.mjs": "d467c9fe46ba5796e8a336ea00f336cdfe12018bc9a64ebfabfd966940b78580",
    "https://esm.sh/@tronweb3/google-protobuf@3.21.4/denonext/google/protobuf/any_pb.mjs": "8db49b263620f58604821f1e568ef47c1d4d0e92712c3a34e890aa10a61dfdf6",
    "https://esm.sh/@tronweb3/google-protobuf@3.21.4/google/protobuf/any_pb?target=denonext": "4ab6644f8e1455bba17b9d35808fc2a7b10fb48cdd56cd1d184b422fce0d209b",
    "https://esm.sh/@tronweb3/google-protobuf@3.21.4?target=denonext": "327ca6a2290adf78593af5dff1d1154ac9049e6a4bcdf7b7c7267c9b1f471ea3",
    "https://esm.sh/aes-js@4.0.0-beta.5/denonext/aes-js.mjs": "491ebbd74059da270ed88751cdfa1d30a1fe1ac58e90159ffa3d4e44af2a6c95",
    "https://esm.sh/asynckit@0.4.0/denonext/asynckit.mjs": "4ef3be6eb52c104699b90ca5524db55ec15bc76b361432f05c16b6106279ba72",
    "https://esm.sh/asynckit@0.4.0?target=denonext": "c6bd8832d6d16b648e22d124a16d33c3a7f7076e92be9444f2e4f6b27545708d",
    "https://esm.sh/axios@1.8.3/denonext/axios.mjs": "e01c6237983e3d33106d16c4ff175a2c31c019436785a0c98b72b3dd710c1899",
    "https://esm.sh/axios@1.8.3/denonext/lib/adapters/http.mjs": "0b03eba0b11399f4bda8c43d24ba2f92edc5211453c7e01f96401f6b51f5f4a5",
    "https://esm.sh/axios@1.8.3/denonext/lib/adapters/xhr.mjs": "1bc0a911f6bfa361d3d934c79387f1f4e6d9883dee0e0706c5527a63e2bcfade",
    "https://esm.sh/axios@1.8.3/denonext/lib/cancel/CanceledError.mjs": "508f231c63588db243497ef9d4b55d5a24d364bd6ab0a812b972cd7f94f3e60a",
    "https://esm.sh/axios@1.8.3/denonext/lib/core/AxiosError.mjs": "8b76ba31b254abc5c389857e8621d7769f32040d700120b802140a67c9289384",
    "https://esm.sh/axios@1.8.3/denonext/lib/core/AxiosHeaders.mjs": "db1a16ea471b0f02dbdfe40c20c4dc8194f4ee4f9380e91125e27b0f783718df",
    "https://esm.sh/axios@1.8.3/denonext/lib/core/mergeConfig.mjs": "d68605e680d8972faae5739a3702a87e323e0baa84e4494144f63fd192ba7ca6",
    "https://esm.sh/axios@1.8.3/denonext/lib/defaults/transitional.mjs": "7f83f42dff79362b286f66e9caeb9412d3b71795b5353615736e9204ed783cff",
    "https://esm.sh/axios@1.8.3/denonext/lib/helpers/AxiosURLSearchParams.mjs": "9020643b6fd13f86eb0c3b5b6cfb09c96c642b0408e3a6f389eb7acbe5381627",
    "https://esm.sh/axios@1.8.3/denonext/lib/helpers/bind.mjs": "7316703747a81c4bbc5200554c221d97c460440fcaa742e85645f3abfca8396c",
    "https://esm.sh/axios@1.8.3/denonext/lib/helpers/progressEventReducer.mjs": "e063dc6a27917e7b4b972cc9b7b1b44709f20dff7f357a2b8b714bb47dc21036",
    "https://esm.sh/axios@1.8.3/denonext/lib/helpers/resolveConfig.mjs": "0eaf0eac7c7128868b6347b7144e6251d53297141618c631953e68f7a9db9115",
    "https://esm.sh/axios@1.8.3/denonext/lib/helpers/toFormData.mjs": "efc6d45bc536d21bc7b1988650fc2bd0fc7511862bf561f9cba077a34e1f1b03",
    "https://esm.sh/axios@1.8.3/denonext/lib/platform/index.mjs": "0ed22188e2a4b0876d2c2fb1bc459519b5d790ce2c0c4db7a936a06f63ffc338",
    "https://esm.sh/axios@1.8.3/denonext/unsafe/core/buildFullPath.mjs": "94449c8f7619e5b2672b616bc3fd683ca14eba4f2e4a7770a17dd46fa62cdc50",
    "https://esm.sh/axios@1.8.3/denonext/unsafe/core/settle.mjs": "d4f8d5942bffdb7c7f5096726dd901c7b288b9c5a0124b134c46e9603e84f51f",
    "https://esm.sh/axios@1.8.3/denonext/unsafe/helpers/buildURL.mjs": "01aeab8d43b16f5b2165c045a3bdf87f9d70aac7c7749a16997577722639ea8f",
    "https://esm.sh/axios@1.8.3/denonext/unsafe/helpers/combineURLs.mjs": "d31aec161a0a1620bf8ef0a17930d74acda0e69922ce87d9e22d4f9c7ea5ce8a",
    "https://esm.sh/axios@1.8.3/denonext/unsafe/helpers/isAbsoluteURL.mjs": "69e72c325fa4ff8dedf4c08a1249ea5b00ceb3b810f3fe16898fb304c25039fa",
    "https://esm.sh/axios@1.8.3/denonext/unsafe/utils.mjs": "1660f8af9d51dd6ced29b537242942d852dc015f44b76789ef22d630985d9461",
    "https://esm.sh/axios@1.8.3?target=denonext": "228723fd94aa1ca5e41fe8892df3bd8491c3039335b30fca291fdc8bebd0a6e2",
    "https://esm.sh/bignumber.js@9.1.2/denonext/bignumber.mjs": "37884e700fc510938912e7ad25a60b59169874957dd308c338dbed286e800fb9",
    "https://esm.sh/bignumber.js@9.1.2?target=denonext": "ead43b40ad004b5868dc2f2f1548aa42390f9e5b8d576ad6e4e7bd1fc33f8cef",
    "https://esm.sh/bufferutil@4.0.9/denonext/bufferutil.mjs": "13dca4d5bb2c68cbe119f880fa3bd785b9a81a8e02e0834dae604b4b85295cd8",
    "https://esm.sh/bufferutil@4.0.9?target=denonext": "e32574569ab438facfcc3f412c659b0719bbf05477136ca176938c9a3ac45125",
    "https://esm.sh/combined-stream@1.0.8/denonext/combined-stream.mjs": "364b91aa4c33e5f0b4075949d93a3407b21a8695031e7c2be29999d588f9ca2c",
    "https://esm.sh/combined-stream@1.0.8?target=denonext": "a0c89b8b29494e966774c7a708e33cc2df16a0bbe2279c841d088e169e7ab3c4",
    "https://esm.sh/debug@4.4.0/denonext/debug.mjs": "3077d1ff15cfc5b7baee65b0c00b3200aef8ab51ddddfa960972957c347c1cee",
    "https://esm.sh/debug@4.4.0?target=denonext": "dc29873ca5518385fcbddb2b2fa0f3b31dc6463ba52bdd790818683b9dbdc6ad",
    "https://esm.sh/delayed-stream@1.0.0/denonext/delayed-stream.mjs": "051a3501b7b3d3c593b78a2c7305093a8e363c518cd156f1a77117185e312abe",
    "https://esm.sh/delayed-stream@1.0.0?target=denonext": "d363b81e01f4c886114df14aa660c1a938bbb4be851ff12132260bed0db6126e",
    "https://esm.sh/ethereum-cryptography@2.2.1/denonext/secp256k1.mjs": "d4229a2435f32261f184882c69af3395a464d8b3191dd4717142dffb9b7e9b87",
    "https://esm.sh/ethereum-cryptography@2.2.1/secp256k1?target=denonext": "4a7bf56aab8a2bcadd627934fdaa7794211d4f06dfcc21e698b11fe0e38e0808",
    "https://esm.sh/ethers@6.13.6/denonext/abi.mjs": "9c0ee7d92898ed91c2cc8d892689058f52df9de80e360dca7281717cb103fabe",
    "https://esm.sh/ethers@6.13.6/denonext/address.mjs": "820d8d08a496a9b2a79443041a533d2fff11aa19bf7c3c73fa6f631d55b38118",
    "https://esm.sh/ethers@6.13.6/denonext/constants.mjs": "48e183c146aba17e0a82eed28709962d9262d58df41c3bca7e0ca6c7d3a5e05c",
    "https://esm.sh/ethers@6.13.6/denonext/contract.mjs": "2425aa4bd63ed824bfe6ef842859035e182cba1e9d056745ce77a14a65b7fdc6",
    "https://esm.sh/ethers@6.13.6/denonext/crypto.mjs": "ef633a08150bdb7230d2a857c2b6dd688ccfd908c85deaf98264bd5f0814f8b4",
    "https://esm.sh/ethers@6.13.6/denonext/ethers.mjs": "fe1e2b3792212fde67fcd9a08e70e334930087f487bc5ca941d0178f88b35582",
    "https://esm.sh/ethers@6.13.6/denonext/hash.mjs": "44cc21e748ce690f1b36b8946d8bd8ad5bcd1c3dbc298161b9b98e4c1d3967fd",
    "https://esm.sh/ethers@6.13.6/denonext/providers.mjs": "8a4d38314b6287986b2709e7b3baee868bedd1ddf87d96dc07588cb2e08dfab9",
    "https://esm.sh/ethers@6.13.6/denonext/transaction.mjs": "c77e3453c9d7a16b1b41ed191938f0f968d3afba526162393e412d75c2912c1b",
    "https://esm.sh/ethers@6.13.6/denonext/utils.mjs": "087f767eaf4b5fab2b5cee8b96e19f4c435348f7d59c4f59cd1294a38747c63d",
    "https://esm.sh/ethers@6.13.6/denonext/wallet.mjs": "9be7d8b2fda413b47d4071883dfd22c5c3893031be94c9f016cf3f0775d7defe",
    "https://esm.sh/ethers@6.13.6/denonext/wordlists.mjs": "2f6e7effa19ecf5ee43b2ea45c356c5f8785282bf1b0ace2e1b36ca377fb084f",
    "https://esm.sh/ethers@6.13.6?target=denonext": "b52312afd5933448c5cf9573809312cb4e0290c67ee8d081c98563f65a03ebcc",
    "https://esm.sh/eventemitter3@3.1.2/denonext/eventemitter3.mjs": "9b8ee288e51469c054dab437c9e0c1ce44163b1444d2db6a215e803e68208e2d",
    "https://esm.sh/eventemitter3@3.1.2?target=denonext": "8472f85a7a5d17b54943838abe768d374502c8dc9bf9ea1ac25bc24ff2ce1cae",
    "https://esm.sh/follow-redirects@1.15.9/denonext/follow-redirects.mjs": "90866d22d80eface74d3161906835600fbb1d5c9ded05dc72fd55b40960cfce7",
    "https://esm.sh/follow-redirects@1.15.9?target=denonext": "c8028ec9d980a1974362377614a4978d1556ba85a75bc32526e8917bede535d1",
    "https://esm.sh/form-data@4.0.2/denonext/form-data.mjs": "ad3c492eef1c6153bcfa02eb3041894e8bc8e4aa241ad4d9bd53a385f36d2c6f",
    "https://esm.sh/form-data@4.0.2?target=denonext": "83cf111a2e6f0f7b6c045508635ceae449c5d43d8d22df23693e5b996cc65899",
    "https://esm.sh/mime-db@1.52.0/denonext/mime-db.mjs": "f93feb3d7150014b71bd0d06c5bd819db56a089b31b8b79a3b0466bb37ef005e",
    "https://esm.sh/mime-types@2.1.35/denonext/mime-types.mjs": "704bdb318816fe1360c90a196f7cb3ba6e25fe207707cc2df873f890ad2e5f44",
    "https://esm.sh/mime-types@2.1.35?target=denonext": "e4cc9a1aabecc1be22d194375ec3b99cc9d51700cc4629ab689975451c0a8ce5",
    "https://esm.sh/ms@2.1.3/denonext/ms.mjs": "9039464da1f4ae1c2042742d335c82556c048bbe49449b5d0cd5198193afa147",
    "https://esm.sh/ms@2.1.3?target=denonext": "36f5aa7503ff0ff44ce9e3155a60362d8d3ae5db8db048be5764a3a515b6a263",
    "https://esm.sh/node-gyp-build@4.8.4/denonext/node-gyp-build.mjs": "9a86f2d044fc77bd60aaa3d697c2ba1b818da5fb1b9aaeedec59a40b8e908803",
    "https://esm.sh/node-gyp-build@4.8.4?target=denonext": "261a6cedf1fdbf159798141ba1e2311ac1510682c5c8b55dacc8cf5fdee4aa06",
    "https://esm.sh/proxy-from-env@1.1.0/denonext/proxy-from-env.mjs": "f60f9c79fc3baa07c13c800798d645ae70d1b2059b8d593dcd4f8c5710b50333",
    "https://esm.sh/proxy-from-env@1.1.0?target=denonext": "bf02a050a1a6aa56ddba25dbea2c355da294630e5c5520fddea4b2f30a9292bc",
    "https://esm.sh/semver@5.7.2/denonext/semver.mjs": "59e8852132a3fbe712b489447fd156d076e74468e16716018f5a318f5085083a",
    "https://esm.sh/semver@5.7.2?target=denonext": "38a6ca44c55d037abf23033bea5795c262c5a9b1201470076d8b19c3f5e4127e",
    "https://esm.sh/supports-color@10.0.0/denonext/supports-color.mjs": "239cd39d0828e1a018dee102748da869b1b75c38fe6a9c0c8f0bd4ffbd3e1ea1",
    "https://esm.sh/supports-color@10.0.0?target=denonext": "4895255248e4ba0cbcce9437003dccf3658b1ac1d1e8eba5225fb8194c454ee1",
    "https://esm.sh/tronweb@6.0.0": "bb9fd87d439e349b3b40dbaa99e6bc0353a6b5b62b4138a5c2ce69027289a539",
    "https://esm.sh/tronweb@6.0.0/denonext/lib/esm/lib/TransactionBuilder/TransactionBuilder.mjs": "4dc54364db49bf7c45e398f41bcf01877291c48fd6a24d9de6f520209f10d7e9",
    "https://esm.sh/tronweb@6.0.0/denonext/lib/esm/lib/contract/index.mjs": "4167f63106fa51f81747761537dd9c2517d1faea2a4c9e6f7c4e4cb84aab3121",
    "https://esm.sh/tronweb@6.0.0/denonext/lib/esm/lib/event.mjs": "8f2c4aedea72fbe79545ac789a3afd3781d92ccce6f18a6dc78b068e1779eaed",
    "https://esm.sh/tronweb@6.0.0/denonext/lib/esm/lib/plugin.mjs": "fe985e36cb9f7c3c909f5b73dd1217dbb969791b29510cb5f09e2255f9a09f97",
    "https://esm.sh/tronweb@6.0.0/denonext/lib/esm/lib/providers/index.mjs": "54999beeebad448495803a622067ea9e583ac4ac75e812d9a57d20c09c8df6ee",
    "https://esm.sh/tronweb@6.0.0/denonext/lib/esm/lib/trx.mjs": "01214fa99ca8a7e02cb2d783dbe700ff6b86f45d95f745fd0e4d356cae9a1841",
    "https://esm.sh/tronweb@6.0.0/denonext/lib/esm/paramValidator/index.mjs": "a7b0af875913d7939c62ff450ee544ca35fcea28dee5d209d6c307d8f324083c",
    "https://esm.sh/tronweb@6.0.0/denonext/lib/esm/tronweb.mjs": "42b4d7e0fe134b630c73d05d5c782a61878f289cb277c2ac9422246e980e8248",
    "https://esm.sh/tronweb@6.0.0/denonext/lib/esm/types/Contract.mjs": "46705abfe42a1b323551e22c089c6e0b915dd06fbfa85036d3f810605ae5df31",
    "https://esm.sh/tronweb@6.0.0/denonext/lib/esm/utils/abi.mjs": "bba7793f052e8797d66683593290aab8f1fbda66eddb0b6c5c280bfed7cd76bb",
    "https://esm.sh/tronweb@6.0.0/denonext/lib/esm/utils/address.mjs": "4737d3ade33817bb41d90268ac60fbb3ab06cd07dc7c3d3558929b9d92ba75e7",
    "https://esm.sh/tronweb@6.0.0/denonext/lib/esm/utils/base58.mjs": "06ea7929285a8a0c13d1c26190ad341ce2e46e246d0b5341af6fd6e397a8f4c7",
    "https://esm.sh/tronweb@6.0.0/denonext/lib/esm/utils/bytes.mjs": "d9cfbf3364f41f011d92cc9495236b4af0a1680935e93e4292406c3bf0b8b2b4",
    "https://esm.sh/tronweb@6.0.0/denonext/lib/esm/utils/code.mjs": "4cb26b01fea39c2372c947ca55415c1bdd57f22df5236318997fd26c9ccad7e4",
    "https://esm.sh/tronweb@6.0.0/denonext/lib/esm/utils/crypto.mjs": "4c3e138b14c1813d1ab78231ae55bc6c78936a04d21abfaab8f537061195ad2f",
    "https://esm.sh/tronweb@6.0.0/denonext/lib/esm/utils/ethersUtils.mjs": "2e76ac39dfd25a315af9640442a19a87a268a2aaaf1cd988be3218f49a13ec11",
    "https://esm.sh/tronweb@6.0.0/denonext/lib/esm/utils/transaction.mjs": "242555cbb588a46792df1446c00c3308c36585f162f35bc277906ff83ab56d4b",
    "https://esm.sh/tronweb@6.0.0/denonext/lib/esm/utils/typedData.mjs": "6b8c37d1faebe5959b963387726f1bf9dbb72320070fece93387a4430ba0c296",
    "https://esm.sh/tronweb@6.0.0/denonext/lib/esm/utils/validations.mjs": "0a3fb56dfc77570763cdfb7aee51cd983344f3d9ff92390af54e91467d3fb757",
    "https://esm.sh/tronweb@6.0.0/denonext/tronweb.mjs": "6d3872d54ff0226681a9c90c118637897d1bb3dbd038f5d7d51d02afe65ecf86",
    "https://esm.sh/tronweb@6.0.0/denonext/utils.mjs": "2b8a9c70d0ed55345912149ba5a12d8a1a5110520d203bb2f23a1a5e59e8ed71",
    "https://esm.sh/utf-8-validate@6.0.5/denonext/utf-8-validate.mjs": "66b8ea532a0c745068f5b96ddb1bae332c3036703243541d2e89e66331974d98",
    "https://esm.sh/utf-8-validate@6.0.5?target=denonext": "071bc33ba1a58297e23a34d69dd589fd06df04b0f373b382ff5da544a623f271",
    "https://esm.sh/validator@13.12.0/denonext/validator.mjs": "ae8a8ec3b879b3236ba1de769713e738dff8dfeb93bd2d0183c33953b155cd45",
    "https://esm.sh/validator@13.12.0?target=denonext": "40c1e24d827bbd5c35c9c3fd451309984833790a6453fd8c6019e84cf9cde70f",
    "https://esm.sh/ws@8.17.1/denonext/ws.mjs": "66089f7baccd0afc42705c850398f85ab807c7a31fbfae1c8b8fef9d672b38e2"
  },
  "workspace": {
    "dependencies": [
      "jsr:@deno/gfm@0.9",
      "npm:csv-parse@*"
    ]
  }
}
